
Microsoft Visual Studio Solution File, Format Version 12.00
# Visual Studio Version 17
VisualStudioVersion = 17.4.33122.133
MinimumVisualStudioVersion = 10.0.40219.1
Project("{FAE04EC0-301F-11D3-BF4B-00C04F79EFBC}") = "NesneYöenlimliProgramlamaOOP", "NesneYöenlimliProgramlamaOOP\NesneYöenlimliProgramlamaOOP.csproj", "{6C96DCAF-FCB7-47E6-846C-B85155762915}"
EndProject
Global
	GlobalSection(SolutionConfigurationPlatforms) = preSolution
		Debug|Any CPU = Debug|Any CPU
		Release|Any CPU = Release|Any CPU
	EndGlobalSection
	GlobalSection(ProjectConfigurationPlatforms) = postSolution
		{6C96DCAF-FCB7-47E6-846C-B85155762915}.Debug|Any CPU.ActiveCfg = Debug|Any CPU
		{6C96DCAF-FCB7-47E6-846C-B85155762915}.Debug|Any CPU.Build.0 = Debug|Any CPU
		{6C96DCAF-FCB7-47E6-846C-B85155762915}.Release|Any CPU.ActiveCfg = Release|Any CPU
		{6C96DCAF-FCB7-47E6-846C-B85155762915}.Release|Any CPU.Build.0 = Release|Any CPU
	EndGlobalSection
	GlobalSection(SolutionProperties) = preSolution
		HideSolutionNode = FALSE
	EndGlobalSection
	GlobalSection(ExtensibilityGlobals) = postSolution
		SolutionGuid = {DE562F8B-9C89-4032-90C7-1EB1589F11FC}
	EndGlobalSection
EndGlobal
